version: 6
environments:
  default:
    channels:
    - url: https://conda.anaconda.org/conda-forge/
    indexes:
    - https://pypi.org/simple
    packages:
      osx-arm64:
      - conda: https://conda.anaconda.org/conda-forge/osx-arm64/bzip2-1.0.8-h99b78c6_7.conda
      - conda: https://conda.anaconda.org/conda-forge/noarch/ca-certificates-2025.8.3-hbd8a1cb_0.conda
      - conda: https://conda.anaconda.org/conda-forge/osx-arm64/icu-75.1-hfee45f7_0.conda
      - conda: https://conda.anaconda.org/conda-forge/osx-arm64/libexpat-2.7.1-hec049ff_0.conda
      - conda: https://conda.anaconda.org/conda-forge/osx-arm64/libffi-3.4.6-h1da3d7d_1.conda
      - conda: https://conda.anaconda.org/conda-forge/osx-arm64/liblzma-5.8.1-h39f12f2_2.conda
      - conda: https://conda.anaconda.org/conda-forge/osx-arm64/libmpdec-4.0.0-h5505292_0.conda
      - conda: https://conda.anaconda.org/conda-forge/osx-arm64/libsqlite-3.50.4-h4237e3c_0.conda
      - conda: https://conda.anaconda.org/conda-forge/osx-arm64/libzlib-1.3.1-h8359307_2.conda
      - conda: https://conda.anaconda.org/conda-forge/osx-arm64/ncurses-6.5-h5e97a16_3.conda
      - conda: https://conda.anaconda.org/conda-forge/osx-arm64/openssl-3.5.2-he92f556_0.conda
      - conda: https://conda.anaconda.org/conda-forge/osx-arm64/python-3.13.5-hf3f3da0_102_cp313.conda
      - conda: https://conda.anaconda.org/conda-forge/noarch/python_abi-3.13-8_cp313.conda
      - conda: https://conda.anaconda.org/conda-forge/osx-arm64/readline-8.2-h1d1bf99_2.conda
      - conda: https://conda.anaconda.org/conda-forge/osx-arm64/tk-8.6.13-h892fb3f_2.conda
      - conda: https://conda.anaconda.org/conda-forge/noarch/tzdata-2025b-h78e105d_0.conda
      - pypi: https://files.pythonhosted.org/packages/4d/36/2a115987e2d8c300a974597416d9de88f2444426de9571f4b59b2cca3acc/filelock-3.18.0-py3-none-any.whl
      - pypi: https://files.pythonhosted.org/packages/2f/e0/014d5d9d7a4564cf1c40b5039bc882db69fd881111e03ab3657ac0b218e2/fsspec-2025.7.0-py3-none-any.whl
      - pypi: https://files.pythonhosted.org/packages/62/a1/3d680cbfd5f4b8f15abc1d571870c5fc3e594bb582bc3b64ea099db13e56/jinja2-3.1.6-py3-none-any.whl
      - pypi: https://files.pythonhosted.org/packages/7d/4f/1195bbac8e0c2acc5f740661631d8d750dc38d4a32b23ee5df3cde6f4e0d/joblib-1.5.1-py3-none-any.whl
      - pypi: https://files.pythonhosted.org/packages/2b/6d/9409f3684d3335375d04e5f05744dfe7e9f120062c9857df4ab490a1031a/MarkupSafe-3.0.2-cp313-cp313-macosx_11_0_arm64.whl
      - pypi: https://files.pythonhosted.org/packages/43/e3/7d92a15f894aa0c9c4b49b8ee9ac9850d6e63b03c9c32c0367a13ae62209/mpmath-1.3.0-py3-none-any.whl
      - pypi: https://files.pythonhosted.org/packages/b9/54/dd730b32ea14ea797530a4479b2ed46a6fb250f682a9cfb997e968bf0261/networkx-3.4.2-py3-none-any.whl
      - pypi: https://files.pythonhosted.org/packages/dc/9e/14520dc3dadf3c803473bd07e9b2bd1b69bc583cb2497b47000fed2fa92f/numpy-2.2.6-cp313-cp313-macosx_11_0_arm64.whl
      - pypi: https://files.pythonhosted.org/packages/20/12/38679034af332785aac8774540895e234f4d07f7545804097de4b666afd8/packaging-25.0-py3-none-any.whl
      - pypi: https://files.pythonhosted.org/packages/c7/db/d8f24a7cc9fb0972adab0cc80b6817e8bef888cfd0024eeb5a21c0bb5c4a/pandas-2.3.1-cp313-cp313-macosx_11_0_arm64.whl
      - pypi: https://files.pythonhosted.org/packages/ec/57/56b9bcc3c9c6a792fcbaf139543cee77261f3651ca9da0c93f5c1221264b/python_dateutil-2.9.0.post0-py2.py3-none-any.whl
      - pypi: https://files.pythonhosted.org/packages/81/c4/34e93fe5f5429d7570ec1fa436f1986fb1f00c3e0f43a589fe2bbcd22c3f/pytz-2025.2-py2.py3-none-any.whl
      - pypi: https://files.pythonhosted.org/packages/71/f3/f1df377d1bdfc3e3e2adc9c119c238b182293e6740df4cbeac6de2cc3e23/scikit_learn-1.7.1-cp313-cp313-macosx_12_0_arm64.whl
      - pypi: https://files.pythonhosted.org/packages/74/cd/1aef2184948728b4b6e21267d53b3339762c285a46a274ebb7863c9e4742/scipy-1.15.3-cp313-cp313-macosx_12_0_arm64.whl
      - pypi: https://files.pythonhosted.org/packages/a3/dc/17031897dae0efacfea57dfd3a82fdd2a2aeb58e0ff71b77b87e44edc772/setuptools-80.9.0-py3-none-any.whl
      - pypi: https://files.pythonhosted.org/packages/b7/ce/149a00dd41f10bc29e5921b496af8b574d8413afcd5e30dfa0ed46c2cc5e/six-1.17.0-py2.py3-none-any.whl
      - pypi: https://files.pythonhosted.org/packages/a2/09/77d55d46fd61b4a135c444fc97158ef34a095e5681d0a6c10b75bf356191/sympy-1.14.0-py3-none-any.whl
      - pypi: https://files.pythonhosted.org/packages/32/d5/f9a850d79b0851d1d4ef6456097579a9005b31fea68726a4ae5f2d82ddd9/threadpoolctl-3.6.0-py3-none-any.whl
      - pypi: https://files.pythonhosted.org/packages/04/6e/650bb7f28f771af0cb791b02348db8b7f5f64f40f6829ee82aa6ce99aabe/torch-2.8.0-cp313-none-macosx_11_0_arm64.whl
      - pypi: https://files.pythonhosted.org/packages/b5/00/d631e67a838026495268c2f6884f3711a15a9a2a96cd244fdaea53b823fb/typing_extensions-4.14.1-py3-none-any.whl
      - pypi: https://files.pythonhosted.org/packages/5c/23/c7abc0ca0a1526a0774eca151daeb8de62ec457e77262b66b359c3c7679e/tzdata-2025.2-py2.py3-none-any.whl
      - pypi: https://files.pythonhosted.org/packages/b2/ea/9554e5fb78eda4dbc9e9ccaf23034166fe3e9ea9af82ea6204b9578434bc/xarray-2025.7.1-py3-none-any.whl
packages:
- conda: https://conda.anaconda.org/conda-forge/osx-arm64/bzip2-1.0.8-h99b78c6_7.conda
  sha256: adfa71f158cbd872a36394c56c3568e6034aa55c623634b37a4836bd036e6b91
  md5: fc6948412dbbbe9a4c9ddbbcfe0a79ab
  depends:
  - __osx >=11.0
  license: bzip2-1.0.6
  license_family: BSD
  purls: []
  size: 122909
  timestamp: 1720974522888
- conda: https://conda.anaconda.org/conda-forge/noarch/ca-certificates-2025.8.3-hbd8a1cb_0.conda
  sha256: 837b795a2bb39b75694ba910c13c15fa4998d4bb2a622c214a6a5174b2ae53d1
  md5: 74784ee3d225fc3dca89edb635b4e5cc
  depends:
  - __unix
  license: ISC
  purls: []
  size: 154402
  timestamp: 1754210968730
- pypi: https://files.pythonhosted.org/packages/4d/36/2a115987e2d8c300a974597416d9de88f2444426de9571f4b59b2cca3acc/filelock-3.18.0-py3-none-any.whl
  name: filelock
  version: 3.18.0
  sha256: c401f4f8377c4464e6db25fff06205fd89bdd83b65eb0488ed1b160f780e21de
  requires_dist:
  - furo>=2024.8.6 ; extra == 'docs'
  - sphinx-autodoc-typehints>=3 ; extra == 'docs'
  - sphinx>=8.1.3 ; extra == 'docs'
  - covdefaults>=2.3 ; extra == 'testing'
  - coverage>=7.6.10 ; extra == 'testing'
  - diff-cover>=9.2.1 ; extra == 'testing'
  - pytest-asyncio>=0.25.2 ; extra == 'testing'
  - pytest-cov>=6 ; extra == 'testing'
  - pytest-mock>=3.14 ; extra == 'testing'
  - pytest-timeout>=2.3.1 ; extra == 'testing'
  - pytest>=8.3.4 ; extra == 'testing'
  - virtualenv>=20.28.1 ; extra == 'testing'
  - typing-extensions>=4.12.2 ; python_full_version < '3.11' and extra == 'typing'
  requires_python: '>=3.9'
- pypi: https://files.pythonhosted.org/packages/2f/e0/014d5d9d7a4564cf1c40b5039bc882db69fd881111e03ab3657ac0b218e2/fsspec-2025.7.0-py3-none-any.whl
  name: fsspec
  version: 2025.7.0
  sha256: 8b012e39f63c7d5f10474de957f3ab793b47b45ae7d39f2fb735f8bbe25c0e21
  requires_dist:
  - adlfs ; extra == 'abfs'
  - adlfs ; extra == 'adl'
  - pyarrow>=1 ; extra == 'arrow'
  - dask ; extra == 'dask'
  - distributed ; extra == 'dask'
  - pre-commit ; extra == 'dev'
  - ruff>=0.5 ; extra == 'dev'
  - numpydoc ; extra == 'doc'
  - sphinx ; extra == 'doc'
  - sphinx-design ; extra == 'doc'
  - sphinx-rtd-theme ; extra == 'doc'
  - yarl ; extra == 'doc'
  - dropbox ; extra == 'dropbox'
  - dropboxdrivefs ; extra == 'dropbox'
  - requests ; extra == 'dropbox'
  - adlfs ; extra == 'full'
  - aiohttp!=4.0.0a0,!=4.0.0a1 ; extra == 'full'
  - dask ; extra == 'full'
  - distributed ; extra == 'full'
  - dropbox ; extra == 'full'
  - dropboxdrivefs ; extra == 'full'
  - fusepy ; extra == 'full'
  - gcsfs ; extra == 'full'
  - libarchive-c ; extra == 'full'
  - ocifs ; extra == 'full'
  - panel ; extra == 'full'
  - paramiko ; extra == 'full'
  - pyarrow>=1 ; extra == 'full'
  - pygit2 ; extra == 'full'
  - requests ; extra == 'full'
  - s3fs ; extra == 'full'
  - smbprotocol ; extra == 'full'
  - tqdm ; extra == 'full'
  - fusepy ; extra == 'fuse'
  - gcsfs ; extra == 'gcs'
  - pygit2 ; extra == 'git'
  - requests ; extra == 'github'
  - gcsfs ; extra == 'gs'
  - panel ; extra == 'gui'
  - pyarrow>=1 ; extra == 'hdfs'
  - aiohttp!=4.0.0a0,!=4.0.0a1 ; extra == 'http'
  - libarchive-c ; extra == 'libarchive'
  - ocifs ; extra == 'oci'
  - s3fs ; extra == 's3'
  - paramiko ; extra == 'sftp'
  - smbprotocol ; extra == 'smb'
  - paramiko ; extra == 'ssh'
  - aiohttp!=4.0.0a0,!=4.0.0a1 ; extra == 'test'
  - numpy ; extra == 'test'
  - pytest ; extra == 'test'
  - pytest-asyncio!=0.22.0 ; extra == 'test'
  - pytest-benchmark ; extra == 'test'
  - pytest-cov ; extra == 'test'
  - pytest-mock ; extra == 'test'
  - pytest-recording ; extra == 'test'
  - pytest-rerunfailures ; extra == 'test'
  - requests ; extra == 'test'
  - aiobotocore>=2.5.4,<3.0.0 ; extra == 'test-downstream'
  - dask[dataframe,test] ; extra == 'test-downstream'
  - moto[server]>4,<5 ; extra == 'test-downstream'
  - pytest-timeout ; extra == 'test-downstream'
  - xarray ; extra == 'test-downstream'
  - adlfs ; extra == 'test-full'
  - aiohttp!=4.0.0a0,!=4.0.0a1 ; extra == 'test-full'
  - cloudpickle ; extra == 'test-full'
  - dask ; extra == 'test-full'
  - distributed ; extra == 'test-full'
  - dropbox ; extra == 'test-full'
  - dropboxdrivefs ; extra == 'test-full'
  - fastparquet ; extra == 'test-full'
  - fusepy ; extra == 'test-full'
  - gcsfs ; extra == 'test-full'
  - jinja2 ; extra == 'test-full'
  - kerchunk ; extra == 'test-full'
  - libarchive-c ; extra == 'test-full'
  - lz4 ; extra == 'test-full'
  - notebook ; extra == 'test-full'
  - numpy ; extra == 'test-full'
  - ocifs ; extra == 'test-full'
  - pandas ; extra == 'test-full'
  - panel ; extra == 'test-full'
  - paramiko ; extra == 'test-full'
  - pyarrow ; extra == 'test-full'
  - pyarrow>=1 ; extra == 'test-full'
  - pyftpdlib ; extra == 'test-full'
  - pygit2 ; extra == 'test-full'
  - pytest ; extra == 'test-full'
  - pytest-asyncio!=0.22.0 ; extra == 'test-full'
  - pytest-benchmark ; extra == 'test-full'
  - pytest-cov ; extra == 'test-full'
  - pytest-mock ; extra == 'test-full'
  - pytest-recording ; extra == 'test-full'
  - pytest-rerunfailures ; extra == 'test-full'
  - python-snappy ; extra == 'test-full'
  - requests ; extra == 'test-full'
  - smbprotocol ; extra == 'test-full'
  - tqdm ; extra == 'test-full'
  - urllib3 ; extra == 'test-full'
  - zarr ; extra == 'test-full'
  - zstandard ; python_full_version < '3.14' and extra == 'test-full'
  - tqdm ; extra == 'tqdm'
  requires_python: '>=3.9'
- conda: https://conda.anaconda.org/conda-forge/osx-arm64/icu-75.1-hfee45f7_0.conda
  sha256: 9ba12c93406f3df5ab0a43db8a4b4ef67a5871dfd401010fbe29b218b2cbe620
  md5: 5eb22c1d7b3fc4abb50d92d621583137
  depends:
  - __osx >=11.0
  license: MIT
  license_family: MIT
  purls: []
  size: 11857802
  timestamp: 1720853997952
- pypi: https://files.pythonhosted.org/packages/62/a1/3d680cbfd5f4b8f15abc1d571870c5fc3e594bb582bc3b64ea099db13e56/jinja2-3.1.6-py3-none-any.whl
  name: jinja2
  version: 3.1.6
  sha256: 85ece4451f492d0c13c5dd7c13a64681a86afae63a5f347908daf103ce6d2f67
  requires_dist:
  - markupsafe>=2.0
  - babel>=2.7 ; extra == 'i18n'
  requires_python: '>=3.7'
- pypi: https://files.pythonhosted.org/packages/7d/4f/1195bbac8e0c2acc5f740661631d8d750dc38d4a32b23ee5df3cde6f4e0d/joblib-1.5.1-py3-none-any.whl
  name: joblib
  version: 1.5.1
  sha256: 4719a31f054c7d766948dcd83e9613686b27114f190f717cec7eaa2084f8a74a
  requires_python: '>=3.9'
- conda: https://conda.anaconda.org/conda-forge/osx-arm64/libexpat-2.7.1-hec049ff_0.conda
  sha256: 8fbb17a56f51e7113ed511c5787e0dec0d4b10ef9df921c4fd1cccca0458f648
  md5: b1ca5f21335782f71a8bd69bdc093f67
  depends:
  - __osx >=11.0
  constrains:
  - expat 2.7.1.*
  license: MIT
  license_family: MIT
  purls: []
  size: 65971
  timestamp: 1752719657566
- conda: https://conda.anaconda.org/conda-forge/osx-arm64/libffi-3.4.6-h1da3d7d_1.conda
  sha256: c6a530924a9b14e193ea9adfe92843de2a806d1b7dbfd341546ece9653129e60
  md5: c215a60c2935b517dcda8cad4705734d
  depends:
  - __osx >=11.0
  license: MIT
  license_family: MIT
  purls: []
  size: 39839
  timestamp: 1743434670405
- conda: https://conda.anaconda.org/conda-forge/osx-arm64/liblzma-5.8.1-h39f12f2_2.conda
  sha256: 0cb92a9e026e7bd4842f410a5c5c665c89b2eb97794ffddba519a626b8ce7285
  md5: d6df911d4564d77c4374b02552cb17d1
  depends:
  - __osx >=11.0
  constrains:
  - xz 5.8.1.*
  license: 0BSD
  purls: []
  size: 92286
  timestamp: 1749230283517
- conda: https://conda.anaconda.org/conda-forge/osx-arm64/libmpdec-4.0.0-h5505292_0.conda
  sha256: 0a1875fc1642324ebd6c4ac864604f3f18f57fbcf558a8264f6ced028a3c75b2
  md5: 85ccccb47823dd9f7a99d2c7f530342f
  depends:
  - __osx >=11.0
  license: BSD-2-Clause
  license_family: BSD
  purls: []
  size: 71829
  timestamp: 1748393749336
- conda: https://conda.anaconda.org/conda-forge/osx-arm64/libsqlite-3.50.4-h4237e3c_0.conda
  sha256: 802ebe62e6bc59fc26b26276b793e0542cfff2d03c086440aeaf72fb8bbcec44
  md5: 1dcb0468f5146e38fae99aef9656034b
  depends:
  - __osx >=11.0
  - icu >=75.1,<76.0a0
  - libzlib >=1.3.1,<2.0a0
  license: blessing
  purls: []
  size: 902645
  timestamp: 1753948599139
- conda: https://conda.anaconda.org/conda-forge/osx-arm64/libzlib-1.3.1-h8359307_2.conda
  sha256: ce34669eadaba351cd54910743e6a2261b67009624dbc7daeeafdef93616711b
  md5: 369964e85dc26bfe78f41399b366c435
  depends:
  - __osx >=11.0
  constrains:
  - zlib 1.3.1 *_2
  license: Zlib
  license_family: Other
  purls: []
  size: 46438
  timestamp: 1727963202283
- pypi: https://files.pythonhosted.org/packages/2b/6d/9409f3684d3335375d04e5f05744dfe7e9f120062c9857df4ab490a1031a/MarkupSafe-3.0.2-cp313-cp313-macosx_11_0_arm64.whl
  name: markupsafe
  version: 3.0.2
  sha256: f8b3d067f2e40fe93e1ccdd6b2e1d16c43140e76f02fb1319a05cf2b79d99430
  requires_python: '>=3.9'
- pypi: https://files.pythonhosted.org/packages/43/e3/7d92a15f894aa0c9c4b49b8ee9ac9850d6e63b03c9c32c0367a13ae62209/mpmath-1.3.0-py3-none-any.whl
  name: mpmath
  version: 1.3.0
  sha256: a0b2b9fe80bbcd81a6647ff13108738cfb482d481d826cc0e02f5b35e5c88d2c
  requires_dist:
  - pytest>=4.6 ; extra == 'develop'
  - pycodestyle ; extra == 'develop'
  - pytest-cov ; extra == 'develop'
  - codecov ; extra == 'develop'
  - wheel ; extra == 'develop'
  - sphinx ; extra == 'docs'
  - gmpy2>=2.1.0a4 ; platform_python_implementation != 'PyPy' and extra == 'gmpy'
  - pytest>=4.6 ; extra == 'tests'
- conda: https://conda.anaconda.org/conda-forge/osx-arm64/ncurses-6.5-h5e97a16_3.conda
  sha256: 2827ada40e8d9ca69a153a45f7fd14f32b2ead7045d3bbb5d10964898fe65733
  md5: 068d497125e4bf8a66bf707254fff5ae
  depends:
  - __osx >=11.0
  license: X11 AND BSD-3-Clause
  purls: []
  size: 797030
  timestamp: 1738196177597
- pypi: https://files.pythonhosted.org/packages/b9/54/dd730b32ea14ea797530a4479b2ed46a6fb250f682a9cfb997e968bf0261/networkx-3.4.2-py3-none-any.whl
  name: networkx
  version: 3.4.2
  sha256: df5d4365b724cf81b8c6a7312509d0c22386097011ad1abe274afd5e9d3bbc5f
  requires_dist:
  - numpy>=1.24 ; extra == 'default'
  - scipy>=1.10,!=1.11.0,!=1.11.1 ; extra == 'default'
  - matplotlib>=3.7 ; extra == 'default'
  - pandas>=2.0 ; extra == 'default'
  - changelist==0.5 ; extra == 'developer'
  - pre-commit>=3.2 ; extra == 'developer'
  - mypy>=1.1 ; extra == 'developer'
  - rtoml ; extra == 'developer'
  - sphinx>=7.3 ; extra == 'doc'
  - pydata-sphinx-theme>=0.15 ; extra == 'doc'
  - sphinx-gallery>=0.16 ; extra == 'doc'
  - numpydoc>=1.8.0 ; extra == 'doc'
  - pillow>=9.4 ; extra == 'doc'
  - texext>=0.6.7 ; extra == 'doc'
  - myst-nb>=1.1 ; extra == 'doc'
  - intersphinx-registry ; extra == 'doc'
  - osmnx>=1.9 ; extra == 'example'
  - momepy>=0.7.2 ; extra == 'example'
  - contextily>=1.6 ; extra == 'example'
  - seaborn>=0.13 ; extra == 'example'
  - cairocffi>=1.7 ; extra == 'example'
  - igraph>=0.11 ; extra == 'example'
  - scikit-learn>=1.5 ; extra == 'example'
  - lxml>=4.6 ; extra == 'extra'
  - pygraphviz>=1.14 ; extra == 'extra'
  - pydot>=3.0.1 ; extra == 'extra'
  - sympy>=1.10 ; extra == 'extra'
  - pytest>=7.2 ; extra == 'test'
  - pytest-cov>=4.0 ; extra == 'test'
  requires_python: '>=3.10'
- pypi: https://files.pythonhosted.org/packages/dc/9e/14520dc3dadf3c803473bd07e9b2bd1b69bc583cb2497b47000fed2fa92f/numpy-2.2.6-cp313-cp313-macosx_11_0_arm64.whl
  name: numpy
  version: 2.2.6
  sha256: 287cc3162b6f01463ccd86be154f284d0893d2b3ed7292439ea97eafa8170e0b
  requires_python: '>=3.10'
- conda: https://conda.anaconda.org/conda-forge/osx-arm64/openssl-3.5.2-he92f556_0.conda
  sha256: f6d1c87dbcf7b39fad24347570166dade1c533ae2d53c60a70fa4dc874ef0056
  md5: bcb0d87dfbc199d0a461d2c7ca30b3d8
  depends:
  - __osx >=11.0
  - ca-certificates
  license: Apache-2.0
  license_family: Apache
  purls: []
  size: 3074848
  timestamp: 1754465710470
- pypi: https://files.pythonhosted.org/packages/20/12/38679034af332785aac8774540895e234f4d07f7545804097de4b666afd8/packaging-25.0-py3-none-any.whl
  name: packaging
  version: '25.0'
  sha256: 29572ef2b1f17581046b3a2227d5c611fb25ec70ca1ba8554b24b0e69331a484
  requires_python: '>=3.8'
- pypi: https://files.pythonhosted.org/packages/c7/db/d8f24a7cc9fb0972adab0cc80b6817e8bef888cfd0024eeb5a21c0bb5c4a/pandas-2.3.1-cp313-cp313-macosx_11_0_arm64.whl
  name: pandas
  version: 2.3.1
  sha256: 6de8547d4fdb12421e2d047a2c446c623ff4c11f47fddb6b9169eb98ffba485a
  requires_dist:
  - numpy>=1.22.4 ; python_full_version < '3.11'
  - numpy>=1.23.2 ; python_full_version == '3.11.*'
  - numpy>=1.26.0 ; python_full_version >= '3.12'
  - python-dateutil>=2.8.2
  - pytz>=2020.1
  - tzdata>=2022.7
  - hypothesis>=6.46.1 ; extra == 'test'
  - pytest>=7.3.2 ; extra == 'test'
  - pytest-xdist>=2.2.0 ; extra == 'test'
  - pyarrow>=10.0.1 ; extra == 'pyarrow'
  - bottleneck>=1.3.6 ; extra == 'performance'
  - numba>=0.56.4 ; extra == 'performance'
  - numexpr>=2.8.4 ; extra == 'performance'
  - scipy>=1.10.0 ; extra == 'computation'
  - xarray>=2022.12.0 ; extra == 'computation'
  - fsspec>=2022.11.0 ; extra == 'fss'
  - s3fs>=2022.11.0 ; extra == 'aws'
  - gcsfs>=2022.11.0 ; extra == 'gcp'
  - pandas-gbq>=0.19.0 ; extra == 'gcp'
  - odfpy>=1.4.1 ; extra == 'excel'
  - openpyxl>=3.1.0 ; extra == 'excel'
  - python-calamine>=0.1.7 ; extra == 'excel'
  - pyxlsb>=1.0.10 ; extra == 'excel'
  - xlrd>=2.0.1 ; extra == 'excel'
  - xlsxwriter>=3.0.5 ; extra == 'excel'
  - pyarrow>=10.0.1 ; extra == 'parquet'
  - pyarrow>=10.0.1 ; extra == 'feather'
  - tables>=3.8.0 ; extra == 'hdf5'
  - pyreadstat>=1.2.0 ; extra == 'spss'
  - sqlalchemy>=2.0.0 ; extra == 'postgresql'
  - psycopg2>=2.9.6 ; extra == 'postgresql'
  - adbc-driver-postgresql>=0.8.0 ; extra == 'postgresql'
  - sqlalchemy>=2.0.0 ; extra == 'mysql'
  - pymysql>=1.0.2 ; extra == 'mysql'
  - sqlalchemy>=2.0.0 ; extra == 'sql-other'
  - adbc-driver-postgresql>=0.8.0 ; extra == 'sql-other'
  - adbc-driver-sqlite>=0.8.0 ; extra == 'sql-other'
  - beautifulsoup4>=4.11.2 ; extra == 'html'
  - html5lib>=1.1 ; extra == 'html'
  - lxml>=4.9.2 ; extra == 'html'
  - lxml>=4.9.2 ; extra == 'xml'
  - matplotlib>=3.6.3 ; extra == 'plot'
  - jinja2>=3.1.2 ; extra == 'output-formatting'
  - tabulate>=0.9.0 ; extra == 'output-formatting'
  - pyqt5>=5.15.9 ; extra == 'clipboard'
  - qtpy>=2.3.0 ; extra == 'clipboard'
  - zstandard>=0.19.0 ; extra == 'compression'
  - dataframe-api-compat>=0.1.7 ; extra == 'consortium-standard'
  - adbc-driver-postgresql>=0.8.0 ; extra == 'all'
  - adbc-driver-sqlite>=0.8.0 ; extra == 'all'
  - beautifulsoup4>=4.11.2 ; extra == 'all'
  - bottleneck>=1.3.6 ; extra == 'all'
  - dataframe-api-compat>=0.1.7 ; extra == 'all'
  - fastparquet>=2022.12.0 ; extra == 'all'
  - fsspec>=2022.11.0 ; extra == 'all'
  - gcsfs>=2022.11.0 ; extra == 'all'
  - html5lib>=1.1 ; extra == 'all'
  - hypothesis>=6.46.1 ; extra == 'all'
  - jinja2>=3.1.2 ; extra == 'all'
  - lxml>=4.9.2 ; extra == 'all'
  - matplotlib>=3.6.3 ; extra == 'all'
  - numba>=0.56.4 ; extra == 'all'
  - numexpr>=2.8.4 ; extra == 'all'
  - odfpy>=1.4.1 ; extra == 'all'
  - openpyxl>=3.1.0 ; extra == 'all'
  - pandas-gbq>=0.19.0 ; extra == 'all'
  - psycopg2>=2.9.6 ; extra == 'all'
  - pyarrow>=10.0.1 ; extra == 'all'
  - pymysql>=1.0.2 ; extra == 'all'
  - pyqt5>=5.15.9 ; extra == 'all'
  - pyreadstat>=1.2.0 ; extra == 'all'
  - pytest>=7.3.2 ; extra == 'all'
  - pytest-xdist>=2.2.0 ; extra == 'all'
  - python-calamine>=0.1.7 ; extra == 'all'
  - pyxlsb>=1.0.10 ; extra == 'all'
  - qtpy>=2.3.0 ; extra == 'all'
  - scipy>=1.10.0 ; extra == 'all'
  - s3fs>=2022.11.0 ; extra == 'all'
  - sqlalchemy>=2.0.0 ; extra == 'all'
  - tables>=3.8.0 ; extra == 'all'
  - tabulate>=0.9.0 ; extra == 'all'
  - xarray>=2022.12.0 ; extra == 'all'
  - xlrd>=2.0.1 ; extra == 'all'
  - xlsxwriter>=3.0.5 ; extra == 'all'
  - zstandard>=0.19.0 ; extra == 'all'
  requires_python: '>=3.9'
- conda: https://conda.anaconda.org/conda-forge/osx-arm64/python-3.13.5-hf3f3da0_102_cp313.conda
  build_number: 102
  sha256: ee1b09fb5563be8509bb9b29b2b436a0af75488b5f1fa6bcd93fe0fba597d13f
  md5: 123b7f04e7b8d6fc206cf2d3466f8a4b
  depends:
  - __osx >=11.0
  - bzip2 >=1.0.8,<2.0a0
  - libexpat >=2.7.0,<3.0a0
  - libffi >=3.4.6,<3.5.0a0
  - liblzma >=5.8.1,<6.0a0
  - libmpdec >=4.0.0,<5.0a0
  - libsqlite >=3.50.1,<4.0a0
  - libzlib >=1.3.1,<2.0a0
  - ncurses >=6.5,<7.0a0
  - openssl >=3.5.0,<4.0a0
  - python_abi 3.13.* *_cp313
  - readline >=8.2,<9.0a0
  - tk >=8.6.13,<8.7.0a0
  - tzdata
  license: Python-2.0
  purls: []
  size: 12931515
  timestamp: 1750062475020
  python_site_packages_path: lib/python3.13/site-packages
- pypi: https://files.pythonhosted.org/packages/ec/57/56b9bcc3c9c6a792fcbaf139543cee77261f3651ca9da0c93f5c1221264b/python_dateutil-2.9.0.post0-py2.py3-none-any.whl
  name: python-dateutil
  version: 2.9.0.post0
  sha256: a8b2bc7bffae282281c8140a97d3aa9c14da0b136dfe83f850eea9a5f7470427
  requires_dist:
  - six>=1.5
  requires_python: '>=2.7,!=3.0.*,!=3.1.*,!=3.2.*'
- conda: https://conda.anaconda.org/conda-forge/noarch/python_abi-3.13-8_cp313.conda
  build_number: 8
  sha256: 210bffe7b121e651419cb196a2a63687b087497595c9be9d20ebe97dd06060a7
  md5: 94305520c52a4aa3f6c2b1ff6008d9f8
  constrains:
  - python 3.13.* *_cp313
  license: BSD-3-Clause
  license_family: BSD
  purls: []
  size: 7002
  timestamp: 1752805902938
- pypi: https://files.pythonhosted.org/packages/81/c4/34e93fe5f5429d7570ec1fa436f1986fb1f00c3e0f43a589fe2bbcd22c3f/pytz-2025.2-py2.py3-none-any.whl
  name: pytz
  version: '2025.2'
  sha256: 5ddf76296dd8c44c26eb8f4b6f35488f3ccbf6fbbd7adee0b7262d43f0ec2f00
- conda: https://conda.anaconda.org/conda-forge/osx-arm64/readline-8.2-h1d1bf99_2.conda
  sha256: 7db04684d3904f6151eff8673270922d31da1eea7fa73254d01c437f49702e34
  md5: 63ef3f6e6d6d5c589e64f11263dc5676
  depends:
  - ncurses >=6.5,<7.0a0
  license: GPL-3.0-only
  license_family: GPL
  purls: []
  size: 252359
  timestamp: 1740379663071
- pypi: https://files.pythonhosted.org/packages/71/f3/f1df377d1bdfc3e3e2adc9c119c238b182293e6740df4cbeac6de2cc3e23/scikit_learn-1.7.1-cp313-cp313-macosx_12_0_arm64.whl
  name: scikit-learn
  version: 1.7.1
  sha256: a10f276639195a96c86aa572ee0698ad64ee939a7b042060b98bd1930c261d10
  requires_dist:
  - numpy>=1.22.0
  - scipy>=1.8.0
  - joblib>=1.2.0
  - threadpoolctl>=3.1.0
  - numpy>=1.22.0 ; extra == 'build'
  - scipy>=1.8.0 ; extra == 'build'
  - cython>=3.0.10 ; extra == 'build'
  - meson-python>=0.17.1 ; extra == 'build'
  - numpy>=1.22.0 ; extra == 'install'
  - scipy>=1.8.0 ; extra == 'install'
  - joblib>=1.2.0 ; extra == 'install'
  - threadpoolctl>=3.1.0 ; extra == 'install'
  - matplotlib>=3.5.0 ; extra == 'benchmark'
  - pandas>=1.4.0 ; extra == 'benchmark'
  - memory-profiler>=0.57.0 ; extra == 'benchmark'
  - matplotlib>=3.5.0 ; extra == 'docs'
  - scikit-image>=0.19.0 ; extra == 'docs'
  - pandas>=1.4.0 ; extra == 'docs'
  - seaborn>=0.9.0 ; extra == 'docs'
  - memory-profiler>=0.57.0 ; extra == 'docs'
  - sphinx>=7.3.7 ; extra == 'docs'
  - sphinx-copybutton>=0.5.2 ; extra == 'docs'
  - sphinx-gallery>=0.17.1 ; extra == 'docs'
  - numpydoc>=1.2.0 ; extra == 'docs'
  - pillow>=8.4.0 ; extra == 'docs'
  - pooch>=1.6.0 ; extra == 'docs'
  - sphinx-prompt>=1.4.0 ; extra == 'docs'
  - sphinxext-opengraph>=0.9.1 ; extra == 'docs'
  - plotly>=5.14.0 ; extra == 'docs'
  - polars>=0.20.30 ; extra == 'docs'
  - sphinx-design>=0.5.0 ; extra == 'docs'
  - sphinx-design>=0.6.0 ; extra == 'docs'
  - sphinxcontrib-sass>=0.3.4 ; extra == 'docs'
  - pydata-sphinx-theme>=0.15.3 ; extra == 'docs'
  - sphinx-remove-toctrees>=1.0.0.post1 ; extra == 'docs'
  - towncrier>=24.8.0 ; extra == 'docs'
  - matplotlib>=3.5.0 ; extra == 'examples'
  - scikit-image>=0.19.0 ; extra == 'examples'
  - pandas>=1.4.0 ; extra == 'examples'
  - seaborn>=0.9.0 ; extra == 'examples'
  - pooch>=1.6.0 ; extra == 'examples'
  - plotly>=5.14.0 ; extra == 'examples'
  - matplotlib>=3.5.0 ; extra == 'tests'
  - scikit-image>=0.19.0 ; extra == 'tests'
  - pandas>=1.4.0 ; extra == 'tests'
  - pytest>=7.1.2 ; extra == 'tests'
  - pytest-cov>=2.9.0 ; extra == 'tests'
  - ruff>=0.11.7 ; extra == 'tests'
  - mypy>=1.15 ; extra == 'tests'
  - pyamg>=4.2.1 ; extra == 'tests'
  - polars>=0.20.30 ; extra == 'tests'
  - pyarrow>=12.0.0 ; extra == 'tests'
  - numpydoc>=1.2.0 ; extra == 'tests'
  - pooch>=1.6.0 ; extra == 'tests'
  - conda-lock==3.0.1 ; extra == 'maintenance'
  requires_python: '>=3.10'
- pypi: https://files.pythonhosted.org/packages/74/cd/1aef2184948728b4b6e21267d53b3339762c285a46a274ebb7863c9e4742/scipy-1.15.3-cp313-cp313-macosx_12_0_arm64.whl
  name: scipy
  version: 1.15.3
  sha256: 7e11270a000969409d37ed399585ee530b9ef6aa99d50c019de4cb01e8e54e62
  requires_dist:
  - numpy>=1.23.5,<2.5
  - pytest ; extra == 'test'
  - pytest-cov ; extra == 'test'
  - pytest-timeout ; extra == 'test'
  - pytest-xdist ; extra == 'test'
  - asv ; extra == 'test'
  - mpmath ; extra == 'test'
  - gmpy2 ; extra == 'test'
  - threadpoolctl ; extra == 'test'
  - scikit-umfpack ; extra == 'test'
  - pooch ; extra == 'test'
  - hypothesis>=6.30 ; extra == 'test'
  - array-api-strict>=2.0,<2.1.1 ; extra == 'test'
  - cython ; extra == 'test'
  - meson ; extra == 'test'
  - ninja ; sys_platform != 'emscripten' and extra == 'test'
  - sphinx>=5.0.0,<8.0.0 ; extra == 'doc'
  - intersphinx-registry ; extra == 'doc'
  - pydata-sphinx-theme>=0.15.2 ; extra == 'doc'
  - sphinx-copybutton ; extra == 'doc'
  - sphinx-design>=0.4.0 ; extra == 'doc'
  - matplotlib>=3.5 ; extra == 'doc'
  - numpydoc ; extra == 'doc'
  - jupytext ; extra == 'doc'
  - myst-nb ; extra == 'doc'
  - pooch ; extra == 'doc'
  - jupyterlite-sphinx>=0.19.1 ; extra == 'doc'
  - jupyterlite-pyodide-kernel ; extra == 'doc'
  - mypy==1.10.0 ; extra == 'dev'
  - typing-extensions ; extra == 'dev'
  - types-psutil ; extra == 'dev'
  - pycodestyle ; extra == 'dev'
  - ruff>=0.0.292 ; extra == 'dev'
  - cython-lint>=0.12.2 ; extra == 'dev'
  - rich-click ; extra == 'dev'
  - doit>=0.36.0 ; extra == 'dev'
  - pydevtool ; extra == 'dev'
  requires_python: '>=3.10'
- pypi: https://files.pythonhosted.org/packages/a3/dc/17031897dae0efacfea57dfd3a82fdd2a2aeb58e0ff71b77b87e44edc772/setuptools-80.9.0-py3-none-any.whl
  name: setuptools
  version: 80.9.0
  sha256: 062d34222ad13e0cc312a4c02d73f059e86a4acbfbdea8f8f76b28c99f306922
  requires_dist:
  - pytest>=6,!=8.1.* ; extra == 'test'
  - virtualenv>=13.0.0 ; extra == 'test'
  - wheel>=0.44.0 ; extra == 'test'
  - pip>=19.1 ; extra == 'test'
  - packaging>=24.2 ; extra == 'test'
  - jaraco-envs>=2.2 ; extra == 'test'
  - pytest-xdist>=3 ; extra == 'test'
  - jaraco-path>=3.7.2 ; extra == 'test'
  - build[virtualenv]>=1.0.3 ; extra == 'test'
  - filelock>=3.4.0 ; extra == 'test'
  - ini2toml[lite]>=0.14 ; extra == 'test'
  - tomli-w>=1.0.0 ; extra == 'test'
  - pytest-timeout ; extra == 'test'
  - pytest-perf ; sys_platform != 'cygwin' and extra == 'test'
  - jaraco-develop>=7.21 ; python_full_version >= '3.9' and sys_platform != 'cygwin' and extra == 'test'
  - pytest-home>=0.5 ; extra == 'test'
  - pytest-subprocess ; extra == 'test'
  - pyproject-hooks!=1.1 ; extra == 'test'
  - jaraco-test>=5.5 ; extra == 'test'
  - sphinx>=3.5 ; extra == 'doc'
  - jaraco-packaging>=9.3 ; extra == 'doc'
  - rst-linker>=1.9 ; extra == 'doc'
  - furo ; extra == 'doc'
  - sphinx-lint ; extra == 'doc'
  - jaraco-tidelift>=1.4 ; extra == 'doc'
  - pygments-github-lexers==0.0.5 ; extra == 'doc'
  - sphinx-favicon ; extra == 'doc'
  - sphinx-inline-tabs ; extra == 'doc'
  - sphinx-reredirects ; extra == 'doc'
  - sphinxcontrib-towncrier ; extra == 'doc'
  - sphinx-notfound-page>=1,<2 ; extra == 'doc'
  - pyproject-hooks!=1.1 ; extra == 'doc'
  - towncrier<24.7 ; extra == 'doc'
  - packaging>=24.2 ; extra == 'core'
  - more-itertools>=8.8 ; extra == 'core'
  - jaraco-text>=3.7 ; extra == 'core'
  - importlib-metadata>=6 ; python_full_version < '3.10' and extra == 'core'
  - tomli>=2.0.1 ; python_full_version < '3.11' and extra == 'core'
  - wheel>=0.43.0 ; extra == 'core'
  - platformdirs>=4.2.2 ; extra == 'core'
  - jaraco-functools>=4 ; extra == 'core'
  - more-itertools ; extra == 'core'
  - pytest-checkdocs>=2.4 ; extra == 'check'
  - pytest-ruff>=0.2.1 ; sys_platform != 'cygwin' and extra == 'check'
  - ruff>=0.8.0 ; sys_platform != 'cygwin' and extra == 'check'
  - pytest-cov ; extra == 'cover'
  - pytest-enabler>=2.2 ; extra == 'enabler'
  - pytest-mypy ; extra == 'type'
  - mypy==1.14.* ; extra == 'type'
  - importlib-metadata>=7.0.2 ; python_full_version < '3.10' and extra == 'type'
  - jaraco-develop>=7.21 ; sys_platform != 'cygwin' and extra == 'type'
  requires_python: '>=3.9'
- pypi: https://files.pythonhosted.org/packages/b7/ce/149a00dd41f10bc29e5921b496af8b574d8413afcd5e30dfa0ed46c2cc5e/six-1.17.0-py2.py3-none-any.whl
  name: six
  version: 1.17.0
  sha256: 4721f391ed90541fddacab5acf947aa0d3dc7d27b2e1e8eda2be8970586c3274
  requires_python: '>=2.7,!=3.0.*,!=3.1.*,!=3.2.*'
- pypi: https://files.pythonhosted.org/packages/a2/09/77d55d46fd61b4a135c444fc97158ef34a095e5681d0a6c10b75bf356191/sympy-1.14.0-py3-none-any.whl
  name: sympy
  version: 1.14.0
  sha256: e091cc3e99d2141a0ba2847328f5479b05d94a6635cb96148ccb3f34671bd8f5
  requires_dist:
  - mpmath>=1.1.0,<1.4
  - pytest>=7.1.0 ; extra == 'dev'
  - hypothesis>=6.70.0 ; extra == 'dev'
  requires_python: '>=3.9'
- pypi: https://files.pythonhosted.org/packages/32/d5/f9a850d79b0851d1d4ef6456097579a9005b31fea68726a4ae5f2d82ddd9/threadpoolctl-3.6.0-py3-none-any.whl
  name: threadpoolctl
  version: 3.6.0
  sha256: 43a0b8fd5a2928500110039e43a5eed8480b918967083ea48dc3ab9f13c4a7fb
  requires_python: '>=3.9'
- conda: https://conda.anaconda.org/conda-forge/osx-arm64/tk-8.6.13-h892fb3f_2.conda
  sha256: cb86c522576fa95c6db4c878849af0bccfd3264daf0cc40dd18e7f4a7bfced0e
  md5: 7362396c170252e7b7b0c8fb37fe9c78
  depends:
  - __osx >=11.0
  - libzlib >=1.3.1,<2.0a0
  license: TCL
  license_family: BSD
  purls: []
  size: 3125538
  timestamp: 1748388189063
- pypi: https://files.pythonhosted.org/packages/04/6e/650bb7f28f771af0cb791b02348db8b7f5f64f40f6829ee82aa6ce99aabe/torch-2.8.0-cp313-none-macosx_11_0_arm64.whl
  name: torch
  version: 2.8.0
  sha256: 7b677e17f5a3e69fdef7eb3b9da72622f8d322692930297e4ccb52fefc6c8211
  requires_dist:
  - filelock
  - typing-extensions>=4.10.0
  - setuptools ; python_full_version >= '3.12'
  - sympy>=1.13.3
  - networkx
  - jinja2
  - fsspec
  - nvidia-cuda-nvrtc-cu12==12.8.93 ; platform_machine == 'x86_64' and sys_platform == 'linux'
  - nvidia-cuda-runtime-cu12==12.8.90 ; platform_machine == 'x86_64' and sys_platform == 'linux'
  - nvidia-cuda-cupti-cu12==12.8.90 ; platform_machine == 'x86_64' and sys_platform == 'linux'
  - nvidia-cudnn-cu12==9.10.2.21 ; platform_machine == 'x86_64' and sys_platform == 'linux'
  - nvidia-cublas-cu12==12.8.4.1 ; platform_machine == 'x86_64' and sys_platform == 'linux'
  - nvidia-cufft-cu12==11.3.3.83 ; platform_machine == 'x86_64' and sys_platform == 'linux'
  - nvidia-curand-cu12==10.3.9.90 ; platform_machine == 'x86_64' and sys_platform == 'linux'
  - nvidia-cusolver-cu12==11.7.3.90 ; platform_machine == 'x86_64' and sys_platform == 'linux'
  - nvidia-cusparse-cu12==12.5.8.93 ; platform_machine == 'x86_64' and sys_platform == 'linux'
  - nvidia-cusparselt-cu12==0.7.1 ; platform_machine == 'x86_64' and sys_platform == 'linux'
  - nvidia-nccl-cu12==2.27.3 ; platform_machine == 'x86_64' and sys_platform == 'linux'
  - nvidia-nvtx-cu12==12.8.90 ; platform_machine == 'x86_64' and sys_platform == 'linux'
  - nvidia-nvjitlink-cu12==12.8.93 ; platform_machine == 'x86_64' and sys_platform == 'linux'
  - nvidia-cufile-cu12==1.13.1.3 ; platform_machine == 'x86_64' and sys_platform == 'linux'
  - triton==3.4.0 ; platform_machine == 'x86_64' and sys_platform == 'linux'
  - optree>=0.13.0 ; extra == 'optree'
  - opt-einsum>=3.3 ; extra == 'opt-einsum'
  - pyyaml ; extra == 'pyyaml'
  requires_python: '>=3.9.0'
- pypi: https://files.pythonhosted.org/packages/b5/00/d631e67a838026495268c2f6884f3711a15a9a2a96cd244fdaea53b823fb/typing_extensions-4.14.1-py3-none-any.whl
  name: typing-extensions
  version: 4.14.1
  sha256: d1e1e3b58374dc93031d6eda2420a48ea44a36c2b4766a4fdeb3710755731d76
  requires_python: '>=3.9'
- pypi: https://files.pythonhosted.org/packages/5c/23/c7abc0ca0a1526a0774eca151daeb8de62ec457e77262b66b359c3c7679e/tzdata-2025.2-py2.py3-none-any.whl
  name: tzdata
  version: '2025.2'
  sha256: 1a403fada01ff9221ca8044d701868fa132215d84beb92242d9acd2147f667a8
  requires_python: '>=2'
- conda: https://conda.anaconda.org/conda-forge/noarch/tzdata-2025b-h78e105d_0.conda
  sha256: 5aaa366385d716557e365f0a4e9c3fca43ba196872abbbe3d56bb610d131e192
  md5: 4222072737ccff51314b5ece9c7d6f5a
  license: LicenseRef-Public-Domain
  purls: []
  size: 122968
  timestamp: 1742727099393
- pypi: https://files.pythonhosted.org/packages/b2/ea/9554e5fb78eda4dbc9e9ccaf23034166fe3e9ea9af82ea6204b9578434bc/xarray-2025.7.1-py3-none-any.whl
  name: xarray
  version: 2025.7.1
  sha256: e8647b659e53bd350d7c5a91c34dd4122ad6a3ca0bc41399d424a7c0273c7635
  requires_dist:
  - numpy>=1.26
  - packaging>=24.1
  - pandas>=2.2
  - scipy>=1.13 ; extra == 'accel'
  - bottleneck ; extra == 'accel'
  - numbagg>=0.8 ; extra == 'accel'
  - numba>=0.59 ; extra == 'accel'
  - flox>=0.9 ; extra == 'accel'
  - opt-einsum ; extra == 'accel'
  - xarray[accel,etc,io,parallel,viz] ; extra == 'complete'
  - netcdf4>=1.6.0 ; extra == 'io'
  - h5netcdf ; extra == 'io'
  - pydap ; extra == 'io'
  - scipy>=1.13 ; extra == 'io'
  - zarr>=2.18 ; extra == 'io'
  - fsspec ; extra == 'io'
  - cftime ; extra == 'io'
  - pooch ; extra == 'io'
  - sparse>=0.15 ; extra == 'etc'
  - dask[complete] ; extra == 'parallel'
  - cartopy>=0.23 ; extra == 'viz'
  - matplotlib ; extra == 'viz'
  - nc-time-axis ; extra == 'viz'
  - seaborn ; extra == 'viz'
  - pandas-stubs ; extra == 'types'
  - scipy-stubs ; extra == 'types'
  - types-pyyaml ; extra == 'types'
  - types-pygments ; extra == 'types'
  - types-colorama ; extra == 'types'
  - types-decorator ; extra == 'types'
  - types-defusedxml ; extra == 'types'
  - types-docutils ; extra == 'types'
  - types-networkx ; extra == 'types'
  - types-pexpect ; extra == 'types'
  - types-psutil ; extra == 'types'
  - types-pycurl ; extra == 'types'
  - types-openpyxl ; extra == 'types'
  - types-python-dateutil ; extra == 'types'
  - types-pytz ; extra == 'types'
  - types-setuptools ; extra == 'types'
  requires_python: '>=3.11'
